# Written by meadow. Commit this file: it is what makes a build on
# another machine the build you tested. Change it with `meadow update`.

version = 1

[[package]]
name = "unicodeSegmentation"
source = "git+https://github.com/mcdearman/meadow-unicode-segmentation?version=0.1.0"
version = "0.1.0"
rev = "848d1f524b6fa9db311785f88281e39c219b5fd6"
tree = "f52a0267c7401a9a96772af58895c09cdd21bb9e"

[[package]]
name = "unicodeWidth"
source = "git+https://github.com/mcdearman/meadow-unicode-width?version=0.1.0"
version = "0.1.0"
rev = "fa95092300d547891f5e1ecbd100b7e2438e1058"
tree = "2373973eebaa44035b6dcf028675e40a6b69ebfb"
